Microsoft Visual Studio Solution File, Format Version 12.00
# Visual Studio Version 17
VisualStudioVersion = 17.5.2.0
MinimumVisualStudioVersion = 10.0.40219.1
Project("{FAE04EC0-301F-11D3-BF4B-00C04F79EFBC}") = "ovning2", "ovning2.csproj", "{6EA8F744-4F79-2C9F-2CF7-B33427DBA8E1}"
EndProject
Global
	GlobalSection(SolutionConfigurationPlatforms) = preSolution
		Debug|Any CPU = Debug|Any CPU
		Release|Any CPU = Release|Any CPU
	EndGlobalSection
	GlobalSection(ProjectConfigurationPlatforms) = postSolution
		{6EA8F744-4F79-2C9F-2CF7-B33427DBA8E1}.Debug|Any CPU.ActiveCfg = Debug|Any CPU
		{6EA8F744-4F79-2C9F-2CF7-B33427DBA8E1}.Debug|Any CPU.Build.0 = Debug|Any CPU
		{6EA8F744-4F79-2C9F-2CF7-B33427DBA8E1}.Release|Any CPU.ActiveCfg = Release|Any CPU
		{6EA8F744-4F79-2C9F-2CF7-B33427DBA8E1}.Release|Any CPU.Build.0 = Release|Any CPU
	EndGlobalSection
	GlobalSection(SolutionProperties) = preSolution
		HideSolutionNode = FALSE
	EndGlobalSection
	GlobalSection(ExtensibilityGlobals) = postSolution
		SolutionGuid = {4419F540-DCA9-4C76-9D9D-6C7E9A82078A}
	EndGlobalSection
EndGlobal
